
Microsoft Visual Studio Solution File, Format Version 12.00
# Visual Studio Version 17
VisualStudioVersion = 17.0.31903.59
MinimumVisualStudioVersion = 10.0.40219.1
Project("{FAE04EC0-301F-11D3-BF4B-00C04F79EFBC}") = "API", "API\API.csproj", "{7CB44DE2-4F03-4A62-9E1A-D34CC7FA6F99}"
EndProject
Project("{FAE04EC0-301F-11D3-BF4B-00C04F79EFBC}") = "Application", "Application\Application.csproj", "{631055AD-4296-4218-BD0A-5B6B74443D7F}"
EndProject
Project("{FAE04EC0-301F-11D3-BF4B-00C04F79EFBC}") = "Domain", "Domain\Domain.csproj", "{B0C2758E-8B7F-4A39-821E-525798FCC929}"
EndProject
Project("{FAE04EC0-301F-11D3-BF4B-00C04F79EFBC}") = "Persistence", "Persistence\Persistence.csproj", "{85822015-10DC-4FDB-BD31-97D9855A0AB1}"
EndProject
Global
	GlobalSection(SolutionConfigurationPlatforms) = preSolution
		Debug|Any CPU = Debug|Any CPU
		Release|Any CPU = Release|Any CPU
	EndGlobalSection
	GlobalSection(SolutionProperties) = preSolution
		HideSolutionNode = FALSE
	EndGlobalSection
	GlobalSection(ProjectConfigurationPlatforms) = postSolution
		{7CB44DE2-4F03-4A62-9E1A-D34CC7FA6F99}.Debug|Any CPU.ActiveCfg = Debug|Any CPU
		{7CB44DE2-4F03-4A62-9E1A-D34CC7FA6F99}.Debug|Any CPU.Build.0 = Debug|Any CPU
		{7CB44DE2-4F03-4A62-9E1A-D34CC7FA6F99}.Release|Any CPU.ActiveCfg = Release|Any CPU
		{7CB44DE2-4F03-4A62-9E1A-D34CC7FA6F99}.Release|Any CPU.Build.0 = Release|Any CPU
		{631055AD-4296-4218-BD0A-5B6B74443D7F}.Debug|Any CPU.ActiveCfg = Debug|Any CPU
		{631055AD-4296-4218-BD0A-5B6B74443D7F}.Debug|Any CPU.Build.0 = Debug|Any CPU
		{631055AD-4296-4218-BD0A-5B6B74443D7F}.Release|Any CPU.ActiveCfg = Release|Any CPU
		{631055AD-4296-4218-BD0A-5B6B74443D7F}.Release|Any CPU.Build.0 = Release|Any CPU
		{B0C2758E-8B7F-4A39-821E-525798FCC929}.Debug|Any CPU.ActiveCfg = Debug|Any CPU
		{B0C2758E-8B7F-4A39-821E-525798FCC929}.Debug|Any CPU.Build.0 = Debug|Any CPU
		{B0C2758E-8B7F-4A39-821E-525798FCC929}.Release|Any CPU.ActiveCfg = Release|Any CPU
		{B0C2758E-8B7F-4A39-821E-525798FCC929}.Release|Any CPU.Build.0 = Release|Any CPU
		{85822015-10DC-4FDB-BD31-97D9855A0AB1}.Debug|Any CPU.ActiveCfg = Debug|Any CPU
		{85822015-10DC-4FDB-BD31-97D9855A0AB1}.Debug|Any CPU.Build.0 = Debug|Any CPU
		{85822015-10DC-4FDB-BD31-97D9855A0AB1}.Release|Any CPU.ActiveCfg = Release|Any CPU
		{85822015-10DC-4FDB-BD31-97D9855A0AB1}.Release|Any CPU.Build.0 = Release|Any CPU
	EndGlobalSection
EndGlobal
